
Microsoft Visual Studio Solution File, Format Version 12.00
# Visual Studio Version 17
VisualStudioVersion = 17.5.002.0
MinimumVisualStudioVersion = 10.0.40219.1
Project("{9A19103F-16F7-4668-BE54-9A1E7A4F7556}") = "API_CURD", "API_CURD.csproj", "{1E62EE8A-9250-4732-9BB3-23EDD4D80BAC}"
EndProject
Global
	GlobalSection(SolutionConfigurationPlatforms) = preSolution
		Debug|Any CPU = Debug|Any CPU
		Release|Any CPU = Release|Any CPU
	EndGlobalSection
	GlobalSection(ProjectConfigurationPlatforms) = postSolution
		{1E62EE8A-9250-4732-9BB3-23EDD4D80BAC}.Debug|Any CPU.ActiveCfg = Debug|Any CPU
		{1E62EE8A-9250-4732-9BB3-23EDD4D80BAC}.Debug|Any CPU.Build.0 = Debug|Any CPU
		{1E62EE8A-9250-4732-9BB3-23EDD4D80BAC}.Release|Any CPU.ActiveCfg = Release|Any CPU
		{1E62EE8A-9250-4732-9BB3-23EDD4D80BAC}.Release|Any CPU.Build.0 = Release|Any CPU
	EndGlobalSection
	GlobalSection(SolutionProperties) = preSolution
		HideSolutionNode = FALSE
	EndGlobalSection
	GlobalSection(ExtensibilityGlobals) = postSolution
		SolutionGuid = {818440EF-2AE6-4286-ABB7-C617EFB9728D}
	EndGlobalSection
EndGlobal
